
Microsoft Visual Studio Solution File, Format Version 12.00
# Visual Studio Version 17
VisualStudioVersion = 17.10.34916.146
MinimumVisualStudioVersion = 10.0.40219.1
Project("{9A19103F-16F7-4668-BE54-9A1E7A4F7556}") = "Chapter Find Online Bookstore", "Chapter Find Online Bookstore\Chapter Find Online Bookstore.csproj", "{02809E7E-DC7B-473D-933C-3626339BBDE7}"
EndProject
Global
	GlobalSection(SolutionConfigurationPlatforms) = preSolution
		Debug|Any CPU = Debug|Any CPU
		Release|Any CPU = Release|Any CPU
	EndGlobalSection
	GlobalSection(ProjectConfigurationPlatforms) = postSolution
		{02809E7E-DC7B-473D-933C-3626339BBDE7}.Debug|Any CPU.ActiveCfg = Debug|Any CPU
		{02809E7E-DC7B-473D-933C-3626339BBDE7}.Debug|Any CPU.Build.0 = Debug|Any CPU
		{02809E7E-DC7B-473D-933C-3626339BBDE7}.Release|Any CPU.ActiveCfg = Release|Any CPU
		{02809E7E-DC7B-473D-933C-3626339BBDE7}.Release|Any CPU.Build.0 = Release|Any CPU
	EndGlobalSection
	GlobalSection(SolutionProperties) = preSolution
		HideSolutionNode = FALSE
	EndGlobalSection
	GlobalSection(ExtensibilityGlobals) = postSolution
		SolutionGuid = {CDB1EC60-7E2D-4522-B9CA-51CF8260BA45}
	EndGlobalSection
EndGlobal
